
Microsoft Visual Studio Solution File, Format Version 12.00
# Visual Studio Version 17
VisualStudioVersion = 17.4.33213.308
MinimumVisualStudioVersion = 10.0.40219.1
Project("{FAE04EC0-301F-11D3-BF4B-00C04F79EFBC}") = "Ispit.Model", "Ispit.Model\Ispit.Model.csproj", "{79AE11A1-5421-4FF8-826E-D7DE9CA74242}"
EndProject
Project("{FAE04EC0-301F-11D3-BF4B-00C04F79EFBC}") = "Ispit.Konzola", "Ispit.Konzola\Ispit.Konzola.csproj", "{DB130A19-7195-4991-852A-B6C6F2B31898}"
EndProject
Global
	GlobalSection(SolutionConfigurationPlatforms) = preSolution
		Debug|Any CPU = Debug|Any CPU
		Release|Any CPU = Release|Any CPU
	EndGlobalSection
	GlobalSection(ProjectConfigurationPlatforms) = postSolution
		{79AE11A1-5421-4FF8-826E-D7DE9CA74242}.Debug|Any CPU.ActiveCfg = Debug|Any CPU
		{79AE11A1-5421-4FF8-826E-D7DE9CA74242}.Debug|Any CPU.Build.0 = Debug|Any CPU
		{79AE11A1-5421-4FF8-826E-D7DE9CA74242}.Release|Any CPU.ActiveCfg = Release|Any CPU
		{79AE11A1-5421-4FF8-826E-D7DE9CA74242}.Release|Any CPU.Build.0 = Release|Any CPU
		{DB130A19-7195-4991-852A-B6C6F2B31898}.Debug|Any CPU.ActiveCfg = Debug|Any CPU
		{DB130A19-7195-4991-852A-B6C6F2B31898}.Debug|Any CPU.Build.0 = Debug|Any CPU
		{DB130A19-7195-4991-852A-B6C6F2B31898}.Release|Any CPU.ActiveCfg = Release|Any CPU
		{DB130A19-7195-4991-852A-B6C6F2B31898}.Release|Any CPU.Build.0 = Release|Any CPU
	EndGlobalSection
	GlobalSection(SolutionProperties) = preSolution
		HideSolutionNode = FALSE
	EndGlobalSection
	GlobalSection(ExtensibilityGlobals) = postSolution
		SolutionGuid = {53ADDB76-3433-4545-B317-A2D4CF2DF5E9}
	EndGlobalSection
EndGlobal
